
Microsoft Visual Studio Solution File, Format Version 12.00
# Visual Studio Version 17
VisualStudioVersion = 17.6.33829.357
MinimumVisualStudioVersion = 10.0.40219.1
Project("{FAE04EC0-301F-11D3-BF4B-00C04F79EFBC}") = "ProxyDC", "ProxyDC.csproj", "{1CEEF02C-32AE-4B9F-8817-CD24E48BE82B}"
EndProject
Global
	GlobalSection(SolutionConfigurationPlatforms) = preSolution
		Debug|Any CPU = Debug|Any CPU
		Release|Any CPU = Release|Any CPU
	EndGlobalSection
	GlobalSection(ProjectConfigurationPlatforms) = postSolution
		{1CEEF02C-32AE-4B9F-8817-CD24E48BE82B}.Debug|Any CPU.ActiveCfg = Debug|Any CPU
		{1CEEF02C-32AE-4B9F-8817-CD24E48BE82B}.Debug|Any CPU.Build.0 = Debug|Any CPU
		{1CEEF02C-32AE-4B9F-8817-CD24E48BE82B}.Release|Any CPU.ActiveCfg = Release|Any CPU
		{1CEEF02C-32AE-4B9F-8817-CD24E48BE82B}.Release|Any CPU.Build.0 = Release|Any CPU
	EndGlobalSection
	GlobalSection(SolutionProperties) = preSolution
		HideSolutionNode = FALSE
	EndGlobalSection
	GlobalSection(ExtensibilityGlobals) = postSolution
		SolutionGuid = {F8553383-46ED-4F29-9F8A-F132316962F3}
	EndGlobalSection
EndGlobal
